
Microsoft Visual Studio Solution File, Format Version 12.00
# Visual Studio Version 17
VisualStudioVersion = 17.9.34616.47
MinimumVisualStudioVersion = 10.0.40219.1
Project("{FAE04EC0-301F-11D3-BF4B-00C04F79EFBC}") = "FlowerShop_API", "FlowerShop_API\FlowerShop_API.csproj", "{451178CB-6FA4-4108-ADA8-7B5AD743AF07}"
EndProject
Global
	GlobalSection(SolutionConfigurationPlatforms) = preSolution
		Debug|Any CPU = Debug|Any CPU
		Release|Any CPU = Release|Any CPU
	EndGlobalSection
	GlobalSection(ProjectConfigurationPlatforms) = postSolution
		{451178CB-6FA4-4108-ADA8-7B5AD743AF07}.Debug|Any CPU.ActiveCfg = Debug|Any CPU
		{451178CB-6FA4-4108-ADA8-7B5AD743AF07}.Debug|Any CPU.Build.0 = Debug|Any CPU
		{451178CB-6FA4-4108-ADA8-7B5AD743AF07}.Release|Any CPU.ActiveCfg = Release|Any CPU
		{451178CB-6FA4-4108-ADA8-7B5AD743AF07}.Release|Any CPU.Build.0 = Release|Any CPU
	EndGlobalSection
	GlobalSection(SolutionProperties) = preSolution
		HideSolutionNode = FALSE
	EndGlobalSection
	GlobalSection(ExtensibilityGlobals) = postSolution
		SolutionGuid = {2E219669-4BB9-4035-98CE-F089DB36383C}
	EndGlobalSection
EndGlobal
